
Microsoft Visual Studio Solution File, Format Version 12.00
# Visual Studio Version 17
VisualStudioVersion = 17.6.33815.320
MinimumVisualStudioVersion = 10.0.40219.1
Project("{2150E333-8FDC-42A3-9474-1A3956D46DE8}") = "StacksAndQueues", "StacksAndQueues", "{3B3325F3-062A-4F60-B8B4-79467EBD09E2}"
EndProject
Project("{FAE04EC0-301F-11D3-BF4B-00C04F79EFBC}") = "01.BasicStackOperations", "StacksAndQueues\01.BasicStackOperations\01.BasicStackOperations.csproj", "{FF945B9F-EAA0-4809-B2D6-672439E8AD5D}"
EndProject
Project("{FAE04EC0-301F-11D3-BF4B-00C04F79EFBC}") = "02.BasicQueueOperations", "StacksAndQueues\02.BasicQueueOperations\02.BasicQueueOperations.csproj", "{3F18776E-8AC3-44C6-B4DA-FA67D58A2683}"
EndProject
Project("{FAE04EC0-301F-11D3-BF4B-00C04F79EFBC}") = "03.MaximumAndMinimumElement", "StacksAndQueues\03.MaximumAndMinimumElement\03.MaximumAndMinimumElement.csproj", "{CCFB6351-223E-43CE-8270-4CE8CB76EFE8}"
EndProject
Project("{FAE04EC0-301F-11D3-BF4B-00C04F79EFBC}") = "04.FastFood", "StacksAndQueues\04.FastFood\04.FastFood.csproj", "{BF5BBB61-DBE6-4BCA-88EE-8567095728A2}"
EndProject
Project("{FAE04EC0-301F-11D3-BF4B-00C04F79EFBC}") = "05.FashionBoutique", "StacksAndQueues\05.FashionBoutique\05.FashionBoutique.csproj", "{39EAA925-D7CB-4817-924C-0819F7610DC5}"
EndProject
Project("{FAE04EC0-301F-11D3-BF4B-00C04F79EFBC}") = "08.BalancedParenthesis", "StacksAndQueues\08.BalancedParenthesis\08.BalancedParenthesis.csproj", "{66FC0A58-1381-41C2-B69C-CE5ED6FDAA4E}"
EndProject
Project("{FAE04EC0-301F-11D3-BF4B-00C04F79EFBC}") = "06.SongsQueue", "StacksAndQueues\06.SongsQueue\06.SongsQueue.csproj", "{9D2039E0-802B-4A04-B1A7-C033D8CA52E8}"
EndProject
Project("{FAE04EC0-301F-11D3-BF4B-00C04F79EFBC}") = "07.TruckTour", "StacksAndQueues\07.TruckTour\07.TruckTour.csproj", "{5C50C80D-6C61-4861-95FC-5269B133E15D}"
EndProject
Project("{FAE04EC0-301F-11D3-BF4B-00C04F79EFBC}") = "09.SimpleTextEditor", "StacksAndQueues\09.SimpleTextEditor\09.SimpleTextEditor.csproj", "{73D838A1-1A55-4CF5-ACC8-FDD378F9E166}"
EndProject
Project("{FAE04EC0-301F-11D3-BF4B-00C04F79EFBC}") = "10.Crossroads", "StacksAndQueues\10.Crossroads\10.Crossroads.csproj", "{882A4A3E-3610-47BC-8857-50530F05574E}"
EndProject
Project("{FAE04EC0-301F-11D3-BF4B-00C04F79EFBC}") = "11.KeyRevolver", "StacksAndQueues\11.KeyRevolver\11.KeyRevolver.csproj", "{A90461A6-7F26-4FC6-9436-5FBC09029544}"
EndProject
Project("{FAE04EC0-301F-11D3-BF4B-00C04F79EFBC}") = "12.CupsAndBottles", "StacksAndQueues\12.CupsAndBottles\12.CupsAndBottles.csproj", "{807967D4-2C42-4F04-8FCA-C3437E02F95D}"
EndProject
Global
	GlobalSection(SolutionConfigurationPlatforms) = preSolution
		Debug|Any CPU = Debug|Any CPU
		Release|Any CPU = Release|Any CPU
	EndGlobalSection
	GlobalSection(ProjectConfigurationPlatforms) = postSolution
		{FF945B9F-EAA0-4809-B2D6-672439E8AD5D}.Debug|Any CPU.ActiveCfg = Debug|Any CPU
		{FF945B9F-EAA0-4809-B2D6-672439E8AD5D}.Debug|Any CPU.Build.0 = Debug|Any CPU
		{FF945B9F-EAA0-4809-B2D6-672439E8AD5D}.Release|Any CPU.ActiveCfg = Release|Any CPU
		{FF945B9F-EAA0-4809-B2D6-672439E8AD5D}.Release|Any CPU.Build.0 = Release|Any CPU
		{3F18776E-8AC3-44C6-B4DA-FA67D58A2683}.Debug|Any CPU.ActiveCfg = Debug|Any CPU
		{3F18776E-8AC3-44C6-B4DA-FA67D58A2683}.Debug|Any CPU.Build.0 = Debug|Any CPU
		{3F18776E-8AC3-44C6-B4DA-FA67D58A2683}.Release|Any CPU.ActiveCfg = Release|Any CPU
		{3F18776E-8AC3-44C6-B4DA-FA67D58A2683}.Release|Any CPU.Build.0 = Release|Any CPU
		{CCFB6351-223E-43CE-8270-4CE8CB76EFE8}.Debug|Any CPU.ActiveCfg = Debug|Any CPU
		{CCFB6351-223E-43CE-8270-4CE8CB76EFE8}.Debug|Any CPU.Build.0 = Debug|Any CPU
		{CCFB6351-223E-43CE-8270-4CE8CB76EFE8}.Release|Any CPU.ActiveCfg = Release|Any CPU
		{CCFB6351-223E-43CE-8270-4CE8CB76EFE8}.Release|Any CPU.Build.0 = Release|Any CPU
		{BF5BBB61-DBE6-4BCA-88EE-8567095728A2}.Debug|Any CPU.ActiveCfg = Debug|Any CPU
		{BF5BBB61-DBE6-4BCA-88EE-8567095728A2}.Debug|Any CPU.Build.0 = Debug|Any CPU
		{BF5BBB61-DBE6-4BCA-88EE-8567095728A2}.Release|Any CPU.ActiveCfg = Release|Any CPU
		{BF5BBB61-DBE6-4BCA-88EE-8567095728A2}.Release|Any CPU.Build.0 = Release|Any CPU
		{39EAA925-D7CB-4817-924C-0819F7610DC5}.Debug|Any CPU.ActiveCfg = Debug|Any CPU
		{39EAA925-D7CB-4817-924C-0819F7610DC5}.Debug|Any CPU.Build.0 = Debug|Any CPU
		{39EAA925-D7CB-4817-924C-0819F7610DC5}.Release|Any CPU.ActiveCfg = Release|Any CPU
		{39EAA925-D7CB-4817-924C-0819F7610DC5}.Release|Any CPU.Build.0 = Release|Any CPU
		{66FC0A58-1381-41C2-B69C-CE5ED6FDAA4E}.Debug|Any CPU.ActiveCfg = Debug|Any CPU
		{66FC0A58-1381-41C2-B69C-CE5ED6FDAA4E}.Debug|Any CPU.Build.0 = Debug|Any CPU
		{66FC0A58-1381-41C2-B69C-CE5ED6FDAA4E}.Release|Any CPU.ActiveCfg = Release|Any CPU
		{66FC0A58-1381-41C2-B69C-CE5ED6FDAA4E}.Release|Any CPU.Build.0 = Release|Any CPU
		{9D2039E0-802B-4A04-B1A7-C033D8CA52E8}.Debug|Any CPU.ActiveCfg = Debug|Any CPU
		{9D2039E0-802B-4A04-B1A7-C033D8CA52E8}.Debug|Any CPU.Build.0 = Debug|Any CPU
		{9D2039E0-802B-4A04-B1A7-C033D8CA52E8}.Release|Any CPU.ActiveCfg = Release|Any CPU
		{9D2039E0-802B-4A04-B1A7-C033D8CA52E8}.Release|Any CPU.Build.0 = Release|Any CPU
		{5C50C80D-6C61-4861-95FC-5269B133E15D}.Debug|Any CPU.ActiveCfg = Debug|Any CPU
		{5C50C80D-6C61-4861-95FC-5269B133E15D}.Debug|Any CPU.Build.0 = Debug|Any CPU
		{5C50C80D-6C61-4861-95FC-5269B133E15D}.Release|Any CPU.ActiveCfg = Release|Any CPU
		{5C50C80D-6C61-4861-95FC-5269B133E15D}.Release|Any CPU.Build.0 = Release|Any CPU
		{73D838A1-1A55-4CF5-ACC8-FDD378F9E166}.Debug|Any CPU.ActiveCfg = Debug|Any CPU
		{73D838A1-1A55-4CF5-ACC8-FDD378F9E166}.Debug|Any CPU.Build.0 = Debug|Any CPU
		{73D838A1-1A55-4CF5-ACC8-FDD378F9E166}.Release|Any CPU.ActiveCfg = Release|Any CPU
		{73D838A1-1A55-4CF5-ACC8-FDD378F9E166}.Release|Any CPU.Build.0 = Release|Any CPU
		{882A4A3E-3610-47BC-8857-50530F05574E}.Debug|Any CPU.ActiveCfg = Debug|Any CPU
		{882A4A3E-3610-47BC-8857-50530F05574E}.Debug|Any CPU.Build.0 = Debug|Any CPU
		{882A4A3E-3610-47BC-8857-50530F05574E}.Release|Any CPU.ActiveCfg = Release|Any CPU
		{882A4A3E-3610-47BC-8857-50530F05574E}.Release|Any CPU.Build.0 = Release|Any CPU
		{A90461A6-7F26-4FC6-9436-5FBC09029544}.Debug|Any CPU.ActiveCfg = Debug|Any CPU
		{A90461A6-7F26-4FC6-9436-5FBC09029544}.Debug|Any CPU.Build.0 = Debug|Any CPU
		{A90461A6-7F26-4FC6-9436-5FBC09029544}.Release|Any CPU.ActiveCfg = Release|Any CPU
		{A90461A6-7F26-4FC6-9436-5FBC09029544}.Release|Any CPU.Build.0 = Release|Any CPU
		{807967D4-2C42-4F04-8FCA-C3437E02F95D}.Debug|Any CPU.ActiveCfg = Debug|Any CPU
		{807967D4-2C42-4F04-8FCA-C3437E02F95D}.Debug|Any CPU.Build.0 = Debug|Any CPU
		{807967D4-2C42-4F04-8FCA-C3437E02F95D}.Release|Any CPU.ActiveCfg = Release|Any CPU
		{807967D4-2C42-4F04-8FCA-C3437E02F95D}.Release|Any CPU.Build.0 = Release|Any CPU
	EndGlobalSection
	GlobalSection(SolutionProperties) = preSolution
		HideSolutionNode = FALSE
	EndGlobalSection
	GlobalSection(NestedProjects) = preSolution
		{FF945B9F-EAA0-4809-B2D6-672439E8AD5D} = {3B3325F3-062A-4F60-B8B4-79467EBD09E2}
		{3F18776E-8AC3-44C6-B4DA-FA67D58A2683} = {3B3325F3-062A-4F60-B8B4-79467EBD09E2}
		{CCFB6351-223E-43CE-8270-4CE8CB76EFE8} = {3B3325F3-062A-4F60-B8B4-79467EBD09E2}
		{BF5BBB61-DBE6-4BCA-88EE-8567095728A2} = {3B3325F3-062A-4F60-B8B4-79467EBD09E2}
		{39EAA925-D7CB-4817-924C-0819F7610DC5} = {3B3325F3-062A-4F60-B8B4-79467EBD09E2}
		{66FC0A58-1381-41C2-B69C-CE5ED6FDAA4E} = {3B3325F3-062A-4F60-B8B4-79467EBD09E2}
		{9D2039E0-802B-4A04-B1A7-C033D8CA52E8} = {3B3325F3-062A-4F60-B8B4-79467EBD09E2}
		{5C50C80D-6C61-4861-95FC-5269B133E15D} = {3B3325F3-062A-4F60-B8B4-79467EBD09E2}
		{73D838A1-1A55-4CF5-ACC8-FDD378F9E166} = {3B3325F3-062A-4F60-B8B4-79467EBD09E2}
		{882A4A3E-3610-47BC-8857-50530F05574E} = {3B3325F3-062A-4F60-B8B4-79467EBD09E2}
		{A90461A6-7F26-4FC6-9436-5FBC09029544} = {3B3325F3-062A-4F60-B8B4-79467EBD09E2}
		{807967D4-2C42-4F04-8FCA-C3437E02F95D} = {3B3325F3-062A-4F60-B8B4-79467EBD09E2}
	EndGlobalSection
	GlobalSection(ExtensibilityGlobals) = postSolution
		SolutionGuid = {FC13745D-8DC0-4CF2-8D24-4B7878694FD2}
	EndGlobalSection
EndGlobal
